
Microsoft Visual Studio Solution File, Format Version 12.00
# Visual Studio Version 17
VisualStudioVersion = 17.11.35312.102
MinimumVisualStudioVersion = 10.0.40219.1
Project("{2150E333-8FDC-42A3-9474-1A3956D46DE8}") = "core", "core", "{ED5CDE04-7D40-4CC8-BB06-B2949158F655}"
EndProject
Project("{2150E333-8FDC-42A3-9474-1A3956D46DE8}") = "tests", "tests", "{4634D63C-717B-405B-8434-3EB156F021F2}"
EndProject
Project("{2150E333-8FDC-42A3-9474-1A3956D46DE8}") = "src", "src", "{4736657B-5DD3-4C41-9B25-8F896C590C13}"
EndProject
Project("{9A19103F-16F7-4668-BE54-9A1E7A4F7556}") = "Myrtus.Clarity.Core.Domain.Abstractions", "core\Myrtus.Clarity.Core.Domain.Abstractions\Myrtus.Clarity.Core.Domain.Abstractions.csproj", "{8BC2528A-A6EA-426E-873B-81D864549121}"
EndProject
Project("{9A19103F-16F7-4668-BE54-9A1E7A4F7556}") = "Myrtus.Clarity.Core.Application.Exceptions", "core\Myrtus.Clarity.Core.Application.Exceptions\Myrtus.Clarity.Core.Application.Exceptions.csproj", "{DED4C320-974F-4BC4-9BDA-FDE009D692E3}"
EndProject
Project("{9A19103F-16F7-4668-BE54-9A1E7A4F7556}") = "Myrtus.Clarity.Core.Infrastructure.Authorization", "core\Myrtus.Clarity.Core.Infrastructure.Authorization\Myrtus.Clarity.Core.Infrastructure.Authorization.csproj", "{BDA0D813-E26A-4DF0-8F63-209FA29EBFDD}"
EndProject
Project("{9A19103F-16F7-4668-BE54-9A1E7A4F7556}") = "Myrtus.Clarity.Core.Infrastructure.Caching", "core\Myrtus.Clarity.Core.Infrastructure.Caching\Myrtus.Clarity.Core.Infrastructure.Caching.csproj", "{2A2E3700-B3E2-4ED5-9B80-3DB99D9B22AB}"
EndProject
Project("{9A19103F-16F7-4668-BE54-9A1E7A4F7556}") = "Myrtus.Clarity.Core.Application.Abstractions.Caching", "core\Myrtus.Clarity.Core.Application.Abstractions.Caching\Myrtus.Clarity.Core.Application.Abstractions.Caching.csproj", "{C06D9968-7A99-42D3-8C6F-EDDE41DFB2BA}"
EndProject
Project("{9A19103F-16F7-4668-BE54-9A1E7A4F7556}") = "Myrtus.Clarity.Core.Application.Abstractions.Messaging", "core\Myrtus.Clarity.Core.Application.Abstractions.Messaging\Myrtus.Clarity.Core.Application.Abstractions.Messaging.csproj", "{2AEF8018-890C-497F-AF7C-42A7405BE7F9}"
EndProject
Project("{9A19103F-16F7-4668-BE54-9A1E7A4F7556}") = "Myrtus.Clarity.Core.Infrastructure.Clock", "core\Myrtus.Clarity.Core.Infrastructure.Clock\Myrtus.Clarity.Core.Infrastructure.Clock.csproj", "{ED5E693A-6A02-4C36-8769-8214C597FD85}"
EndProject
Project("{9A19103F-16F7-4668-BE54-9A1E7A4F7556}") = "Myrtus.Clarity.Core.Application.Abstractions.Clock", "core\Myrtus.Clarity.Core.Application.Abstractions.Clock\Myrtus.Clarity.Core.Application.Abstractions.Clock.csproj", "{E68C4591-C790-43F8-9B7F-E85B7942AE30}"
EndProject
Project("{9A19103F-16F7-4668-BE54-9A1E7A4F7556}") = "Myrtus.Clarity.Core.Infrastructure.Outbox", "core\Myrtus.Clarity.Core.Infrastructure.Outbox\Myrtus.Clarity.Core.Infrastructure.Outbox.csproj", "{A74DA57C-5D51-4425-8379-19C4CAEC8A0F}"
EndProject
Project("{9A19103F-16F7-4668-BE54-9A1E7A4F7556}") = "Myrtus.Clarity.Core.Application.Abstractions.Behaviours", "core\Myrtus.Clarity.Core.Application.Abstractions.Behaviours\Myrtus.Clarity.Core.Application.Abstractions.Behaviours.csproj", "{715F7132-E1A3-45BE-9F6F-694488D03C32}"
EndProject
Project("{9A19103F-16F7-4668-BE54-9A1E7A4F7556}") = "Myrtus.Clarity.Core.Infrastructure.Pagination", "core\Myrtus.Clarity.Core.Infrastructure.Pagination\Myrtus.Clarity.Core.Infrastructure.Pagination.csproj", "{32EFB480-650C-4B84-8FFB-D3A0921C034C}"
EndProject
Project("{9A19103F-16F7-4668-BE54-9A1E7A4F7556}") = "Myrtus.Clarity.Core.Application.Abstractions.Pagination", "core\Myrtus.Clarity.Core.Application.Abstractions.Pagination\Myrtus.Clarity.Core.Application.Abstractions.Pagination.csproj", "{810180F5-8283-4CD7-AE55-DEBC786041A1}"
EndProject
Project("{9A19103F-16F7-4668-BE54-9A1E7A4F7556}") = "Myrtus.Clarity.Core.Application.Abstractions.Repositories", "core\Myrtus.Clarity.Core.Application.Abstractions.Repositories\Myrtus.Clarity.Core.Application.Abstractions.Repositories.csproj", "{4E47E423-FC2A-45CB-915E-4B5D86DAADB9}"
EndProject
Project("{2150E333-8FDC-42A3-9474-1A3956D46DE8}") = "Solution Items", "Solution Items", "{202FB0B2-02DD-4D2E-869E-7B29DC80FC91}"
	ProjectSection(SolutionItems) = preProject
		.editorconfig = .editorconfig
		docker-compose.override.yml = docker-compose.override.yml
		docker-compose.yml = docker-compose.yml
		LICENSE = LICENSE
		README.md = README.md
	EndProjectSection
EndProject
Project("{9A19103F-16F7-4668-BE54-9A1E7A4F7556}") = "Myrtus.Clarity.Core.WebApi", "core\Myrtus.Clarity.Core.WebApi\Myrtus.Clarity.Core.WebApi.csproj", "{C59E9F93-04CF-46DE-B6B3-49B7801BCDDC}"
EndProject
Project("{FAE04EC0-301F-11D3-BF4B-00C04F79EFBC}") = "Myrtus.Clarity.Core.Infrastructure.DynamicQuery", "core\Myrtus.Clarity.Core.Infrastructure.DynamicQuery\Myrtus.Clarity.Core.Infrastructure.DynamicQuery.csproj", "{4A311C71-4CBB-4DAA-938A-908D2D6F3A4D}"
EndProject
Project("{FAE04EC0-301F-11D3-BF4B-00C04F79EFBC}") = "Myrtus.Clarity.Core.Infrastructure.SignalR", "core\Myrtus.Clarity.Core.Infrastructure.SignalR\Myrtus.Clarity.Core.Infrastructure.SignalR.csproj", "{ABDC8CAA-BEDE-482C-A419-DD877469E20F}"
EndProject
Project("{FAE04EC0-301F-11D3-BF4B-00C04F79EFBC}") = "Myrtus.Clarity.Core.Infrastructure.Auditing", "core\Myrtus.Clarity.Core.Infrastructure.Auditing\Myrtus.Clarity.Core.Infrastructure.Auditing.csproj", "{29A1062F-C1F6-48B7-9FA2-A345EA984607}"
EndProject
Project("{FAE04EC0-301F-11D3-BF4B-00C04F79EFBC}") = "Myrtus.Clarity.Core.Application.Abstractions.Auditing", "core\Myrtus.Clarity.Core.Application.Abstractions.Auditing\Myrtus.Clarity.Core.Application.Abstractions.Auditing.csproj", "{45D07228-B2E1-4F3D-9C8F-AE6EEDF9644B}"
EndProject
Project("{FAE04EC0-301F-11D3-BF4B-00C04F79EFBC}") = "Myrtus.Clarity.Application", "src\Myrtus.Clarity.Application\Myrtus.Clarity.Application.csproj", "{B77270C3-E1DD-48E4-9AF7-42F66371C9E9}"
EndProject
Project("{FAE04EC0-301F-11D3-BF4B-00C04F79EFBC}") = "Myrtus.Clarity.Domain", "src\Myrtus.Clarity.Domain\Myrtus.Clarity.Domain.csproj", "{4FFCB3EF-B5E3-4479-AEDA-E0476418F2DE}"
EndProject
Project("{FAE04EC0-301F-11D3-BF4B-00C04F79EFBC}") = "Myrtus.Clarity.Infrastructure", "src\Myrtus.Clarity.Infrastructure\Myrtus.Clarity.Infrastructure.csproj", "{9A973DAA-4A6D-4D7A-B129-FA1B46C786E6}"
EndProject
Project("{FAE04EC0-301F-11D3-BF4B-00C04F79EFBC}") = "Myrtus.Clarity.WebAPI", "src\Myrtus.Clarity.WebAPI\Myrtus.Clarity.WebAPI.csproj", "{5A3C10CC-2DE2-4933-92FD-6D0B43350E46}"
EndProject
Project("{FAE04EC0-301F-11D3-BF4B-00C04F79EFBC}") = "Myrtus.Clarity.Core.Application.Abstractions.Mailing", "core\Myrtus.Clarity.Core.Application.Abstractions.Mailing\Myrtus.Clarity.Core.Application.Abstractions.Mailing.csproj", "{43D3E78C-2CCA-43BB-91F5-55A77233BF5A}"
EndProject
Project("{FAE04EC0-301F-11D3-BF4B-00C04F79EFBC}") = "Myrtus.Clarity.Core.Infrastructure.Mailing.MailKit", "core\Myrtus.Clarity.Core.Infrastructure.Mailing.MailKit\Myrtus.Clarity.Core.Infrastructure.Mailing.MailKit.csproj", "{67D1C6EF-BE47-4AB8-BD46-421DEC04E6AD}"
EndProject
Project("{FAE04EC0-301F-11D3-BF4B-00C04F79EFBC}") = "Myrtus.Clarity.Core.Application.Abstractions.Notification", "core\Myrtus.Clarity.Core.Application.Abstractions.Notification\Myrtus.Clarity.Core.Application.Abstractions.Notification.csproj", "{35F51872-C4F3-49E9-97EA-1F068D20D175}"
EndProject
Project("{FAE04EC0-301F-11D3-BF4B-00C04F79EFBC}") = "Myrtus.Clarity.Core.Infrastructure.Authentication.Azure", "core\Myrtus.Clarity.Core.Infrastructure.Authentication.Azure\Myrtus.Clarity.Core.Infrastructure.Authentication.Azure.csproj", "{3C986F15-31D7-49BF-B62B-45B42C817BC2}"
EndProject
Project("{FAE04EC0-301F-11D3-BF4B-00C04F79EFBC}") = "Myrtus.Clarity.Core.Application.Abstractions.Authentication", "core\Myrtus.Clarity.Core.Application.Abstractions.Authentication\Myrtus.Clarity.Core.Application.Abstractions.Authentication.csproj", "{116366DC-6E1B-4075-BE48-27E2BA798403}"
EndProject
Project("{FAE04EC0-301F-11D3-BF4B-00C04F79EFBC}") = "Myrtus.Clarity.Core.Application.Abstractions.Localization", "core\Myrtus.Clarity.Core.Application.Abstractions.Localization\Myrtus.Clarity.Core.Application.Abstractions.Localization.csproj", "{3C40CE12-A2DF-4BC3-95B8-2CA25BBB06DA}"
EndProject
Project("{FAE04EC0-301F-11D3-BF4B-00C04F79EFBC}") = "Myrtus.Clarity.Core.Infrastructure.Localization", "core\Myrtus.Clarity.Core.Infrastructure.Localization\Myrtus.Clarity.Core.Infrastructure.Localization.csproj", "{4C004762-BB82-40EC-A6AD-A8C62DE63A25}"
EndProject
Project("{2150E333-8FDC-42A3-9474-1A3956D46DE8}") = "modules", "modules", "{0D0D1F98-DE8C-48D9-94A8-726C3B2DDECC}"
EndProject
Project("{2150E333-8FDC-42A3-9474-1A3956D46DE8}") = "cms", "cms", "{89A07780-CF8F-4C1F-B9B2-1EC325DE4C32}"
EndProject
Project("{FAE04EC0-301F-11D3-BF4B-00C04F79EFBC}") = "CMSModule", "modules\cms\src\CMSModule\CMSModule.csproj", "{A7D57A00-E9AD-448E-9794-BB6B35D319C4}"
EndProject
Project("{FAE04EC0-301F-11D3-BF4B-00C04F79EFBC}") = "Myrtus.Clarity.Core.Application.Abstractions.Module", "core\Myrtus.Clarity.Core.Application.Abstractions.Module\Myrtus.Clarity.Core.Application.Abstractions.Module.csproj", "{C4499599-3884-4A20-A831-CD50CBD2383E}"
EndProject
Project("{FAE04EC0-301F-11D3-BF4B-00C04F79EFBC}") = "Myrtus.Clarity.Core.Application.Abstractions.Data.Dapper", "core\Myrtus.Clarity.Core.Application.Abstractions.Data.Dapper\Myrtus.Clarity.Core.Application.Abstractions.Data.Dapper.csproj", "{DCF64168-A4E0-4BFA-9C21-79069110D884}"
EndProject
Project("{FAE04EC0-301F-11D3-BF4B-00C04F79EFBC}") = "Myrtus.Clarity.Core.Infrastructure.Data.Dapper", "core\Myrtus.Clarity.Core.Infrastructure.Data.Dapper\Myrtus.Clarity.Core.Infrastructure.Data.Dapper.csproj", "{3337611D-1911-4B37-9AA7-1D26F747A477}"
EndProject
Global
	GlobalSection(SolutionConfigurationPlatforms) = preSolution
		Debug|Any CPU = Debug|Any CPU
		Release|Any CPU = Release|Any CPU
	EndGlobalSection
	GlobalSection(ProjectConfigurationPlatforms) = postSolution
		{8BC2528A-A6EA-426E-873B-81D864549121}.Debug|Any CPU.ActiveCfg = Debug|Any CPU
		{8BC2528A-A6EA-426E-873B-81D864549121}.Debug|Any CPU.Build.0 = Debug|Any CPU
		{8BC2528A-A6EA-426E-873B-81D864549121}.Release|Any CPU.ActiveCfg = Release|Any CPU
		{8BC2528A-A6EA-426E-873B-81D864549121}.Release|Any CPU.Build.0 = Release|Any CPU
		{DED4C320-974F-4BC4-9BDA-FDE009D692E3}.Debug|Any CPU.ActiveCfg = Debug|Any CPU
		{DED4C320-974F-4BC4-9BDA-FDE009D692E3}.Debug|Any CPU.Build.0 = Debug|Any CPU
		{DED4C320-974F-4BC4-9BDA-FDE009D692E3}.Release|Any CPU.ActiveCfg = Release|Any CPU
		{DED4C320-974F-4BC4-9BDA-FDE009D692E3}.Release|Any CPU.Build.0 = Release|Any CPU
		{BDA0D813-E26A-4DF0-8F63-209FA29EBFDD}.Debug|Any CPU.ActiveCfg = Debug|Any CPU
		{BDA0D813-E26A-4DF0-8F63-209FA29EBFDD}.Debug|Any CPU.Build.0 = Debug|Any CPU
		{BDA0D813-E26A-4DF0-8F63-209FA29EBFDD}.Release|Any CPU.ActiveCfg = Release|Any CPU
		{BDA0D813-E26A-4DF0-8F63-209FA29EBFDD}.Release|Any CPU.Build.0 = Release|Any CPU
		{2A2E3700-B3E2-4ED5-9B80-3DB99D9B22AB}.Debug|Any CPU.ActiveCfg = Debug|Any CPU
		{2A2E3700-B3E2-4ED5-9B80-3DB99D9B22AB}.Debug|Any CPU.Build.0 = Debug|Any CPU
		{2A2E3700-B3E2-4ED5-9B80-3DB99D9B22AB}.Release|Any CPU.ActiveCfg = Release|Any CPU
		{2A2E3700-B3E2-4ED5-9B80-3DB99D9B22AB}.Release|Any CPU.Build.0 = Release|Any CPU
		{C06D9968-7A99-42D3-8C6F-EDDE41DFB2BA}.Debug|Any CPU.ActiveCfg = Debug|Any CPU
		{C06D9968-7A99-42D3-8C6F-EDDE41DFB2BA}.Debug|Any CPU.Build.0 = Debug|Any CPU
		{C06D9968-7A99-42D3-8C6F-EDDE41DFB2BA}.Release|Any CPU.ActiveCfg = Release|Any CPU
		{C06D9968-7A99-42D3-8C6F-EDDE41DFB2BA}.Release|Any CPU.Build.0 = Release|Any CPU
		{2AEF8018-890C-497F-AF7C-42A7405BE7F9}.Debug|Any CPU.ActiveCfg = Debug|Any CPU
		{2AEF8018-890C-497F-AF7C-42A7405BE7F9}.Debug|Any CPU.Build.0 = Debug|Any CPU
		{2AEF8018-890C-497F-AF7C-42A7405BE7F9}.Release|Any CPU.ActiveCfg = Release|Any CPU
		{2AEF8018-890C-497F-AF7C-42A7405BE7F9}.Release|Any CPU.Build.0 = Release|Any CPU
		{ED5E693A-6A02-4C36-8769-8214C597FD85}.Debug|Any CPU.ActiveCfg = Debug|Any CPU
		{ED5E693A-6A02-4C36-8769-8214C597FD85}.Debug|Any CPU.Build.0 = Debug|Any CPU
		{ED5E693A-6A02-4C36-8769-8214C597FD85}.Release|Any CPU.ActiveCfg = Release|Any CPU
		{ED5E693A-6A02-4C36-8769-8214C597FD85}.Release|Any CPU.Build.0 = Release|Any CPU
		{E68C4591-C790-43F8-9B7F-E85B7942AE30}.Debug|Any CPU.ActiveCfg = Debug|Any CPU
		{E68C4591-C790-43F8-9B7F-E85B7942AE30}.Debug|Any CPU.Build.0 = Debug|Any CPU
		{E68C4591-C790-43F8-9B7F-E85B7942AE30}.Release|Any CPU.ActiveCfg = Release|Any CPU
		{E68C4591-C790-43F8-9B7F-E85B7942AE30}.Release|Any CPU.Build.0 = Release|Any CPU
		{A74DA57C-5D51-4425-8379-19C4CAEC8A0F}.Debug|Any CPU.ActiveCfg = Debug|Any CPU
		{A74DA57C-5D51-4425-8379-19C4CAEC8A0F}.Debug|Any CPU.Build.0 = Debug|Any CPU
		{A74DA57C-5D51-4425-8379-19C4CAEC8A0F}.Release|Any CPU.ActiveCfg = Release|Any CPU
		{A74DA57C-5D51-4425-8379-19C4CAEC8A0F}.Release|Any CPU.Build.0 = Release|Any CPU
		{715F7132-E1A3-45BE-9F6F-694488D03C32}.Debug|Any CPU.ActiveCfg = Debug|Any CPU
		{715F7132-E1A3-45BE-9F6F-694488D03C32}.Debug|Any CPU.Build.0 = Debug|Any CPU
		{715F7132-E1A3-45BE-9F6F-694488D03C32}.Release|Any CPU.ActiveCfg = Release|Any CPU
		{715F7132-E1A3-45BE-9F6F-694488D03C32}.Release|Any CPU.Build.0 = Release|Any CPU
		{32EFB480-650C-4B84-8FFB-D3A0921C034C}.Debug|Any CPU.ActiveCfg = Debug|Any CPU
		{32EFB480-650C-4B84-8FFB-D3A0921C034C}.Debug|Any CPU.Build.0 = Debug|Any CPU
		{32EFB480-650C-4B84-8FFB-D3A0921C034C}.Release|Any CPU.ActiveCfg = Release|Any CPU
		{32EFB480-650C-4B84-8FFB-D3A0921C034C}.Release|Any CPU.Build.0 = Release|Any CPU
		{810180F5-8283-4CD7-AE55-DEBC786041A1}.Debug|Any CPU.ActiveCfg = Debug|Any CPU
		{810180F5-8283-4CD7-AE55-DEBC786041A1}.Debug|Any CPU.Build.0 = Debug|Any CPU
		{810180F5-8283-4CD7-AE55-DEBC786041A1}.Release|Any CPU.ActiveCfg = Release|Any CPU
		{810180F5-8283-4CD7-AE55-DEBC786041A1}.Release|Any CPU.Build.0 = Release|Any CPU
		{4E47E423-FC2A-45CB-915E-4B5D86DAADB9}.Debug|Any CPU.ActiveCfg = Debug|Any CPU
		{4E47E423-FC2A-45CB-915E-4B5D86DAADB9}.Debug|Any CPU.Build.0 = Debug|Any CPU
		{4E47E423-FC2A-45CB-915E-4B5D86DAADB9}.Release|Any CPU.ActiveCfg = Release|Any CPU
		{4E47E423-FC2A-45CB-915E-4B5D86DAADB9}.Release|Any CPU.Build.0 = Release|Any CPU
		{C59E9F93-04CF-46DE-B6B3-49B7801BCDDC}.Debug|Any CPU.ActiveCfg = Debug|Any CPU
		{C59E9F93-04CF-46DE-B6B3-49B7801BCDDC}.Debug|Any CPU.Build.0 = Debug|Any CPU
		{C59E9F93-04CF-46DE-B6B3-49B7801BCDDC}.Release|Any CPU.ActiveCfg = Release|Any CPU
		{C59E9F93-04CF-46DE-B6B3-49B7801BCDDC}.Release|Any CPU.Build.0 = Release|Any CPU
		{4A311C71-4CBB-4DAA-938A-908D2D6F3A4D}.Debug|Any CPU.ActiveCfg = Debug|Any CPU
		{4A311C71-4CBB-4DAA-938A-908D2D6F3A4D}.Debug|Any CPU.Build.0 = Debug|Any CPU
		{4A311C71-4CBB-4DAA-938A-908D2D6F3A4D}.Release|Any CPU.ActiveCfg = Release|Any CPU
		{4A311C71-4CBB-4DAA-938A-908D2D6F3A4D}.Release|Any CPU.Build.0 = Release|Any CPU
		{ABDC8CAA-BEDE-482C-A419-DD877469E20F}.Debug|Any CPU.ActiveCfg = Debug|Any CPU
		{ABDC8CAA-BEDE-482C-A419-DD877469E20F}.Debug|Any CPU.Build.0 = Debug|Any CPU
		{ABDC8CAA-BEDE-482C-A419-DD877469E20F}.Release|Any CPU.ActiveCfg = Release|Any CPU
		{ABDC8CAA-BEDE-482C-A419-DD877469E20F}.Release|Any CPU.Build.0 = Release|Any CPU
		{29A1062F-C1F6-48B7-9FA2-A345EA984607}.Debug|Any CPU.ActiveCfg = Debug|Any CPU
		{29A1062F-C1F6-48B7-9FA2-A345EA984607}.Debug|Any CPU.Build.0 = Debug|Any CPU
		{29A1062F-C1F6-48B7-9FA2-A345EA984607}.Release|Any CPU.ActiveCfg = Release|Any CPU
		{29A1062F-C1F6-48B7-9FA2-A345EA984607}.Release|Any CPU.Build.0 = Release|Any CPU
		{45D07228-B2E1-4F3D-9C8F-AE6EEDF9644B}.Debug|Any CPU.ActiveCfg = Debug|Any CPU
		{45D07228-B2E1-4F3D-9C8F-AE6EEDF9644B}.Debug|Any CPU.Build.0 = Debug|Any CPU
		{45D07228-B2E1-4F3D-9C8F-AE6EEDF9644B}.Release|Any CPU.ActiveCfg = Release|Any CPU
		{45D07228-B2E1-4F3D-9C8F-AE6EEDF9644B}.Release|Any CPU.Build.0 = Release|Any CPU
		{B77270C3-E1DD-48E4-9AF7-42F66371C9E9}.Debug|Any CPU.ActiveCfg = Debug|Any CPU
		{B77270C3-E1DD-48E4-9AF7-42F66371C9E9}.Debug|Any CPU.Build.0 = Debug|Any CPU
		{B77270C3-E1DD-48E4-9AF7-42F66371C9E9}.Release|Any CPU.ActiveCfg = Release|Any CPU
		{B77270C3-E1DD-48E4-9AF7-42F66371C9E9}.Release|Any CPU.Build.0 = Release|Any CPU
		{4FFCB3EF-B5E3-4479-AEDA-E0476418F2DE}.Debug|Any CPU.ActiveCfg = Debug|Any CPU
		{4FFCB3EF-B5E3-4479-AEDA-E0476418F2DE}.Debug|Any CPU.Build.0 = Debug|Any CPU
		{4FFCB3EF-B5E3-4479-AEDA-E0476418F2DE}.Release|Any CPU.ActiveCfg = Release|Any CPU
		{4FFCB3EF-B5E3-4479-AEDA-E0476418F2DE}.Release|Any CPU.Build.0 = Release|Any CPU
		{9A973DAA-4A6D-4D7A-B129-FA1B46C786E6}.Debug|Any CPU.ActiveCfg = Debug|Any CPU
		{9A973DAA-4A6D-4D7A-B129-FA1B46C786E6}.Debug|Any CPU.Build.0 = Debug|Any CPU
		{9A973DAA-4A6D-4D7A-B129-FA1B46C786E6}.Release|Any CPU.ActiveCfg = Release|Any CPU
		{9A973DAA-4A6D-4D7A-B129-FA1B46C786E6}.Release|Any CPU.Build.0 = Release|Any CPU
		{5A3C10CC-2DE2-4933-92FD-6D0B43350E46}.Debug|Any CPU.ActiveCfg = Debug|Any CPU
		{5A3C10CC-2DE2-4933-92FD-6D0B43350E46}.Debug|Any CPU.Build.0 = Debug|Any CPU
		{5A3C10CC-2DE2-4933-92FD-6D0B43350E46}.Release|Any CPU.ActiveCfg = Release|Any CPU
		{5A3C10CC-2DE2-4933-92FD-6D0B43350E46}.Release|Any CPU.Build.0 = Release|Any CPU
		{43D3E78C-2CCA-43BB-91F5-55A77233BF5A}.Debug|Any CPU.ActiveCfg = Debug|Any CPU
		{43D3E78C-2CCA-43BB-91F5-55A77233BF5A}.Debug|Any CPU.Build.0 = Debug|Any CPU
		{43D3E78C-2CCA-43BB-91F5-55A77233BF5A}.Release|Any CPU.ActiveCfg = Release|Any CPU
		{43D3E78C-2CCA-43BB-91F5-55A77233BF5A}.Release|Any CPU.Build.0 = Release|Any CPU
		{67D1C6EF-BE47-4AB8-BD46-421DEC04E6AD}.Debug|Any CPU.ActiveCfg = Debug|Any CPU
		{67D1C6EF-BE47-4AB8-BD46-421DEC04E6AD}.Debug|Any CPU.Build.0 = Debug|Any CPU
		{67D1C6EF-BE47-4AB8-BD46-421DEC04E6AD}.Release|Any CPU.ActiveCfg = Release|Any CPU
		{67D1C6EF-BE47-4AB8-BD46-421DEC04E6AD}.Release|Any CPU.Build.0 = Release|Any CPU
		{35F51872-C4F3-49E9-97EA-1F068D20D175}.Debug|Any CPU.ActiveCfg = Debug|Any CPU
		{35F51872-C4F3-49E9-97EA-1F068D20D175}.Debug|Any CPU.Build.0 = Debug|Any CPU
		{35F51872-C4F3-49E9-97EA-1F068D20D175}.Release|Any CPU.ActiveCfg = Release|Any CPU
		{35F51872-C4F3-49E9-97EA-1F068D20D175}.Release|Any CPU.Build.0 = Release|Any CPU
		{3C986F15-31D7-49BF-B62B-45B42C817BC2}.Debug|Any CPU.ActiveCfg = Debug|Any CPU
		{3C986F15-31D7-49BF-B62B-45B42C817BC2}.Debug|Any CPU.Build.0 = Debug|Any CPU
		{3C986F15-31D7-49BF-B62B-45B42C817BC2}.Release|Any CPU.ActiveCfg = Release|Any CPU
		{3C986F15-31D7-49BF-B62B-45B42C817BC2}.Release|Any CPU.Build.0 = Release|Any CPU
		{116366DC-6E1B-4075-BE48-27E2BA798403}.Debug|Any CPU.ActiveCfg = Debug|Any CPU
		{116366DC-6E1B-4075-BE48-27E2BA798403}.Debug|Any CPU.Build.0 = Debug|Any CPU
		{116366DC-6E1B-4075-BE48-27E2BA798403}.Release|Any CPU.ActiveCfg = Release|Any CPU
		{116366DC-6E1B-4075-BE48-27E2BA798403}.Release|Any CPU.Build.0 = Release|Any CPU
		{3C40CE12-A2DF-4BC3-95B8-2CA25BBB06DA}.Debug|Any CPU.ActiveCfg = Debug|Any CPU
		{3C40CE12-A2DF-4BC3-95B8-2CA25BBB06DA}.Debug|Any CPU.Build.0 = Debug|Any CPU
		{3C40CE12-A2DF-4BC3-95B8-2CA25BBB06DA}.Release|Any CPU.ActiveCfg = Release|Any CPU
		{3C40CE12-A2DF-4BC3-95B8-2CA25BBB06DA}.Release|Any CPU.Build.0 = Release|Any CPU
		{4C004762-BB82-40EC-A6AD-A8C62DE63A25}.Debug|Any CPU.ActiveCfg = Debug|Any CPU
		{4C004762-BB82-40EC-A6AD-A8C62DE63A25}.Debug|Any CPU.Build.0 = Debug|Any CPU
		{4C004762-BB82-40EC-A6AD-A8C62DE63A25}.Release|Any CPU.ActiveCfg = Release|Any CPU
		{4C004762-BB82-40EC-A6AD-A8C62DE63A25}.Release|Any CPU.Build.0 = Release|Any CPU
		{A7D57A00-E9AD-448E-9794-BB6B35D319C4}.Debug|Any CPU.ActiveCfg = Debug|Any CPU
		{A7D57A00-E9AD-448E-9794-BB6B35D319C4}.Debug|Any CPU.Build.0 = Debug|Any CPU
		{A7D57A00-E9AD-448E-9794-BB6B35D319C4}.Release|Any CPU.ActiveCfg = Release|Any CPU
		{A7D57A00-E9AD-448E-9794-BB6B35D319C4}.Release|Any CPU.Build.0 = Release|Any CPU
		{C4499599-3884-4A20-A831-CD50CBD2383E}.Debug|Any CPU.ActiveCfg = Debug|Any CPU
		{C4499599-3884-4A20-A831-CD50CBD2383E}.Debug|Any CPU.Build.0 = Debug|Any CPU
		{C4499599-3884-4A20-A831-CD50CBD2383E}.Release|Any CPU.ActiveCfg = Release|Any CPU
		{C4499599-3884-4A20-A831-CD50CBD2383E}.Release|Any CPU.Build.0 = Release|Any CPU
		{DCF64168-A4E0-4BFA-9C21-79069110D884}.Debug|Any CPU.ActiveCfg = Debug|Any CPU
		{DCF64168-A4E0-4BFA-9C21-79069110D884}.Debug|Any CPU.Build.0 = Debug|Any CPU
		{DCF64168-A4E0-4BFA-9C21-79069110D884}.Release|Any CPU.ActiveCfg = Release|Any CPU
		{DCF64168-A4E0-4BFA-9C21-79069110D884}.Release|Any CPU.Build.0 = Release|Any CPU
		{3337611D-1911-4B37-9AA7-1D26F747A477}.Debug|Any CPU.ActiveCfg = Debug|Any CPU
		{3337611D-1911-4B37-9AA7-1D26F747A477}.Debug|Any CPU.Build.0 = Debug|Any CPU
		{3337611D-1911-4B37-9AA7-1D26F747A477}.Release|Any CPU.ActiveCfg = Release|Any CPU
		{3337611D-1911-4B37-9AA7-1D26F747A477}.Release|Any CPU.Build.0 = Release|Any CPU
	EndGlobalSection
	GlobalSection(SolutionProperties) = preSolution
		HideSolutionNode = FALSE
	EndGlobalSection
	GlobalSection(NestedProjects) = preSolution
		{8BC2528A-A6EA-426E-873B-81D864549121} = {ED5CDE04-7D40-4CC8-BB06-B2949158F655}
		{DED4C320-974F-4BC4-9BDA-FDE009D692E3} = {ED5CDE04-7D40-4CC8-BB06-B2949158F655}
		{BDA0D813-E26A-4DF0-8F63-209FA29EBFDD} = {ED5CDE04-7D40-4CC8-BB06-B2949158F655}
		{2A2E3700-B3E2-4ED5-9B80-3DB99D9B22AB} = {ED5CDE04-7D40-4CC8-BB06-B2949158F655}
		{C06D9968-7A99-42D3-8C6F-EDDE41DFB2BA} = {ED5CDE04-7D40-4CC8-BB06-B2949158F655}
		{2AEF8018-890C-497F-AF7C-42A7405BE7F9} = {ED5CDE04-7D40-4CC8-BB06-B2949158F655}
		{ED5E693A-6A02-4C36-8769-8214C597FD85} = {ED5CDE04-7D40-4CC8-BB06-B2949158F655}
		{E68C4591-C790-43F8-9B7F-E85B7942AE30} = {ED5CDE04-7D40-4CC8-BB06-B2949158F655}
		{A74DA57C-5D51-4425-8379-19C4CAEC8A0F} = {ED5CDE04-7D40-4CC8-BB06-B2949158F655}
		{715F7132-E1A3-45BE-9F6F-694488D03C32} = {ED5CDE04-7D40-4CC8-BB06-B2949158F655}
		{32EFB480-650C-4B84-8FFB-D3A0921C034C} = {ED5CDE04-7D40-4CC8-BB06-B2949158F655}
		{810180F5-8283-4CD7-AE55-DEBC786041A1} = {ED5CDE04-7D40-4CC8-BB06-B2949158F655}
		{4E47E423-FC2A-45CB-915E-4B5D86DAADB9} = {ED5CDE04-7D40-4CC8-BB06-B2949158F655}
		{C59E9F93-04CF-46DE-B6B3-49B7801BCDDC} = {ED5CDE04-7D40-4CC8-BB06-B2949158F655}
		{4A311C71-4CBB-4DAA-938A-908D2D6F3A4D} = {ED5CDE04-7D40-4CC8-BB06-B2949158F655}
		{ABDC8CAA-BEDE-482C-A419-DD877469E20F} = {ED5CDE04-7D40-4CC8-BB06-B2949158F655}
		{29A1062F-C1F6-48B7-9FA2-A345EA984607} = {ED5CDE04-7D40-4CC8-BB06-B2949158F655}
		{45D07228-B2E1-4F3D-9C8F-AE6EEDF9644B} = {ED5CDE04-7D40-4CC8-BB06-B2949158F655}
		{B77270C3-E1DD-48E4-9AF7-42F66371C9E9} = {4736657B-5DD3-4C41-9B25-8F896C590C13}
		{4FFCB3EF-B5E3-4479-AEDA-E0476418F2DE} = {4736657B-5DD3-4C41-9B25-8F896C590C13}
		{9A973DAA-4A6D-4D7A-B129-FA1B46C786E6} = {4736657B-5DD3-4C41-9B25-8F896C590C13}
		{5A3C10CC-2DE2-4933-92FD-6D0B43350E46} = {4736657B-5DD3-4C41-9B25-8F896C590C13}
		{43D3E78C-2CCA-43BB-91F5-55A77233BF5A} = {ED5CDE04-7D40-4CC8-BB06-B2949158F655}
		{67D1C6EF-BE47-4AB8-BD46-421DEC04E6AD} = {ED5CDE04-7D40-4CC8-BB06-B2949158F655}
		{35F51872-C4F3-49E9-97EA-1F068D20D175} = {ED5CDE04-7D40-4CC8-BB06-B2949158F655}
		{3C986F15-31D7-49BF-B62B-45B42C817BC2} = {ED5CDE04-7D40-4CC8-BB06-B2949158F655}
		{116366DC-6E1B-4075-BE48-27E2BA798403} = {ED5CDE04-7D40-4CC8-BB06-B2949158F655}
		{3C40CE12-A2DF-4BC3-95B8-2CA25BBB06DA} = {ED5CDE04-7D40-4CC8-BB06-B2949158F655}
		{4C004762-BB82-40EC-A6AD-A8C62DE63A25} = {ED5CDE04-7D40-4CC8-BB06-B2949158F655}
		{89A07780-CF8F-4C1F-B9B2-1EC325DE4C32} = {0D0D1F98-DE8C-48D9-94A8-726C3B2DDECC}
		{A7D57A00-E9AD-448E-9794-BB6B35D319C4} = {89A07780-CF8F-4C1F-B9B2-1EC325DE4C32}
		{C4499599-3884-4A20-A831-CD50CBD2383E} = {ED5CDE04-7D40-4CC8-BB06-B2949158F655}
		{DCF64168-A4E0-4BFA-9C21-79069110D884} = {ED5CDE04-7D40-4CC8-BB06-B2949158F655}
		{3337611D-1911-4B37-9AA7-1D26F747A477} = {ED5CDE04-7D40-4CC8-BB06-B2949158F655}
	EndGlobalSection
	GlobalSection(ExtensibilityGlobals) = postSolution
		SolutionGuid = {7949CCE5-84CB-4073-9DF1-B959B76413D5}
	EndGlobalSection
EndGlobal
